// !$*UTF8*$!
{
	archiveVersion = 1;
	classes = {
	};
	objectVersion = 56;
	objects = {

/* Begin PBXBuildFile section */
		DCA329712B7B5ED1006AA611 /* SOLO_TestingApp.swift in Sources */ = {isa = PBXBuildFile; fileRef = DCA329702B7B5ED1006AA611 /* SOLO_TestingApp.swift */; };
		DCA329732B7B5ED1006AA611 /* ContentView.swift in Sources */ = {isa = PBXBuildFile; fileRef = DCA329722B7B5ED1006AA611 /* ContentView.swift */; };
		DCA329752B7B5ED5006AA611 /* Assets.xcassets in Resources */ = {isa = PBXBuildFile; fileRef = DCA329742B7B5ED5006AA611 /* Assets.xcassets */; };
		DCA329782B7B5ED5006AA611 /* Preview Assets.xcassets in Resources */ = {isa = PBXBuildFile; fileRef = DCA329772B7B5ED5006AA611 /* Preview Assets.xcassets */; };
		DCA329822B7B5ED6006AA611 /* SOLO_TestingTests.swift in Sources */ = {isa = PBXBuildFile; fileRef = DCA329812B7B5ED6006AA611 /* SOLO_TestingTests.swift */; };
		DCA3298C2B7B5ED6006AA611 /* SOLO_TestingUITests.swift in Sources */ = {isa = PBXBuildFile; fileRef = DCA3298B2B7B5ED6006AA611 /* SOLO_TestingUITests.swift */; };
		DCA3298E2B7B5ED6006AA611 /* SOLO_TestingUITestsLaunchTests.swift in Sources */ = {isa = PBXBuildFile; fileRef = DCA3298D2B7B5ED6006AA611 /* SOLO_TestingUITestsLaunchTests.swift */; };
		DCA3299B2B7B70DB006AA611 /* LogInView.swift in Sources */ = {isa = PBXBuildFile; fileRef = DCA3299A2B7B70DB006AA611 /* LogInView.swift */; };
		DCA3299D2B7B70FC006AA611 /* SignUpView.swift in Sources */ = {isa = PBXBuildFile; fileRef = DCA3299C2B7B70FC006AA611 /* SignUpView.swift */; };
		DCA3299F2B7B7846006AA611 /* TabBarView.swift in Sources */ = {isa = PBXBuildFile; fileRef = DCA3299E2B7B7846006AA611 /* TabBarView.swift */; };
		DCA329A12B7B78B5006AA611 /* HomeView.swift in Sources */ = {isa = PBXBuildFile; fileRef = DCA329A02B7B78B5006AA611 /* HomeView.swift */; };
		DCA329A32B7B7917006AA611 /* ProfileView.swift in Sources */ = {isa = PBXBuildFile; fileRef = DCA329A22B7B7917006AA611 /* ProfileView.swift */; };
		DCAA487E2B95B682002DE8AE /* AddAthleteView.swift in Sources */ = {isa = PBXBuildFile; fileRef = DCAA487D2B95B682002DE8AE /* AddAthleteView.swift */; };
		DCD2525C2B7D7FB80045D5E2 /* Poppins-ExtraLightItalic.ttf in Resources */ = {isa = PBXBuildFile; fileRef = DCD2524A2B7D7FB70045D5E2 /* Poppins-ExtraLightItalic.ttf */; };
		DCD2525D2B7D7FB80045D5E2 /* Poppins-SemiBoldItalic.ttf in Resources */ = {isa = PBXBuildFile; fileRef = DCD2524B2B7D7FB70045D5E2 /* Poppins-SemiBoldItalic.ttf */; };
		DCD2525E2B7D7FB80045D5E2 /* Poppins-ExtraBoldItalic.ttf in Resources */ = {isa = PBXBuildFile; fileRef = DCD2524C2B7D7FB70045D5E2 /* Poppins-ExtraBoldItalic.ttf */; };
		DCD2525F2B7D7FB80045D5E2 /* Poppins-BlackItalic.ttf in Resources */ = {isa = PBXBuildFile; fileRef = DCD2524D2B7D7FB70045D5E2 /* Poppins-BlackItalic.ttf */; };
		DCD252602B7D7FB80045D5E2 /* Poppins-BoldItalic.ttf in Resources */ = {isa = PBXBuildFile; fileRef = DCD2524E2B7D7FB70045D5E2 /* Poppins-BoldItalic.ttf */; };
		DCD252612B7D7FB80045D5E2 /* Poppins-LightItalic.ttf in Resources */ = {isa = PBXBuildFile; fileRef = DCD2524F2B7D7FB70045D5E2 /* Poppins-LightItalic.ttf */; };
		DCD252622B7D7FB80045D5E2 /* Poppins-ThinItalic.ttf in Resources */ = {isa = PBXBuildFile; fileRef = DCD252502B7D7FB80045D5E2 /* Poppins-ThinItalic.ttf */; };
		DCD252632B7D7FB80045D5E2 /* Poppins-Medium.ttf in Resources */ = {isa = PBXBuildFile; fileRef = DCD252512B7D7FB80045D5E2 /* Poppins-Medium.ttf */; };
		DCD252642B7D7FB80045D5E2 /* Poppins-ExtraBold.ttf in Resources */ = {isa = PBXBuildFile; fileRef = DCD252522B7D7FB80045D5E2 /* Poppins-ExtraBold.ttf */; };
		DCD252652B7D7FB80045D5E2 /* Poppins-Regular.ttf in Resources */ = {isa = PBXBuildFile; fileRef = DCD252532B7D7FB80045D5E2 /* Poppins-Regular.ttf */; };
		DCD252662B7D7FB80045D5E2 /* Poppins-ExtraLight.ttf in Resources */ = {isa = PBXBuildFile; fileRef = DCD252542B7D7FB80045D5E2 /* Poppins-ExtraLight.ttf */; };
		DCD252672B7D7FB80045D5E2 /* Poppins-MediumItalic.ttf in Resources */ = {isa = PBXBuildFile; fileRef = DCD252552B7D7FB80045D5E2 /* Poppins-MediumItalic.ttf */; };
		DCD252682B7D7FB80045D5E2 /* Poppins-SemiBold.ttf in Resources */ = {isa = PBXBuildFile; fileRef = DCD252562B7D7FB80045D5E2 /* Poppins-SemiBold.ttf */; };
		DCD252692B7D7FB80045D5E2 /* Poppins-Italic.ttf in Resources */ = {isa = PBXBuildFile; fileRef = DCD252572B7D7FB80045D5E2 /* Poppins-Italic.ttf */; };
		DCD2526A2B7D7FB80045D5E2 /* Poppins-Light.ttf in Resources */ = {isa = PBXBuildFile; fileRef = DCD252582B7D7FB80045D5E2 /* Poppins-Light.ttf */; };
		DCD2526B2B7D7FB80045D5E2 /* Poppins-Black.ttf in Resources */ = {isa = PBXBuildFile; fileRef = DCD252592B7D7FB80045D5E2 /* Poppins-Black.ttf */; };
		DCD2526C2B7D7FB80045D5E2 /* Poppins-Bold.ttf in Resources */ = {isa = PBXBuildFile; fileRef = DCD2525A2B7D7FB80045D5E2 /* Poppins-Bold.ttf */; };
		DCD2526D2B7D7FB80045D5E2 /* Poppins-Thin.ttf in Resources */ = {isa = PBXBuildFile; fileRef = DCD2525B2B7D7FB80045D5E2 /* Poppins-Thin.ttf */; };
		DCD252712B7D9C6C0045D5E2 /* SignUpCompletionView.swift in Sources */ = {isa = PBXBuildFile; fileRef = DCD252702B7D9C6C0045D5E2 /* SignUpCompletionView.swift */; };
/* End PBXBuildFile section */

/* Begin PBXContainerItemProxy section */
		DCA3297E2B7B5ED6006AA611 /* PBXContainerItemProxy */ = {
			isa = PBXContainerItemProxy;
			containerPortal = DCA329652B7B5ED1006AA611 /* Project object */;
			proxyType = 1;
			remoteGlobalIDString = DCA3296C2B7B5ED1006AA611;
			remoteInfo = "SOLO-Testing";
		};
		DCA329882B7B5ED6006AA611 /* PBXContainerItemProxy */ = {
			isa = PBXContainerItemProxy;
			containerPortal = DCA329652B7B5ED1006AA611 /* Project object */;
			proxyType = 1;
			remoteGlobalIDString = DCA3296C2B7B5ED1006AA611;
			remoteInfo = "SOLO-Testing";
		};
/* End PBXContainerItemProxy section */

/* Begin PBXFileReference section */
		DCA3296D2B7B5ED1006AA611 /* SOLO-Testing.app */ = {isa = PBXFileReference; explicitFileType = wrapper.application; includeInIndex = 0; path = "SOLO-Testing.app"; sourceTree = BUILT_PRODUCTS_DIR; };
		DCA329702B7B5ED1006AA611 /* SOLO_TestingApp.swift */ = {isa = PBXFileReference; lastKnownFileType = sourcecode.swift; path = SOLO_TestingApp.swift; sourceTree = "<group>"; };
		DCA329722B7B5ED1006AA611 /* ContentView.swift */ = {isa = PBXFileReference; lastKnownFileType = sourcecode.swift; path = ContentView.swift; sourceTree = "<group>"; };
		DCA329742B7B5ED5006AA611 /* Assets.xcassets */ = {isa = PBXFileReference; lastKnownFileType = folder.assetcatalog; path = Assets.xcassets; sourceTree = "<group>"; };
		DCA329772B7B5ED5006AA611 /* Preview Assets.xcassets */ = {isa = PBXFileReference; lastKnownFileType = folder.assetcatalog; path = "Preview Assets.xcassets"; sourceTree = "<group>"; };
		DCA3297D2B7B5ED5006AA611 /* SOLO-TestingTests.xctest */ = {isa = PBXFileReference; explicitFileType = wrapper.cfbundle; includeInIndex = 0; path = "SOLO-TestingTests.xctest"; sourceTree = BUILT_PRODUCTS_DIR; };
		DCA329812B7B5ED6006AA611 /* SOLO_TestingTests.swift */ = {isa = PBXFileReference; lastKnownFileType = sourcecode.swift; path = SOLO_TestingTests.swift; sourceTree = "<group>"; };
		DCA329872B7B5ED6006AA611 /* SOLO-TestingUITests.xctest */ = {isa = PBXFileReference; explicitFileType = wrapper.cfbundle; includeInIndex = 0; path = "SOLO-TestingUITests.xctest"; sourceTree = BUILT_PRODUCTS_DIR; };
		DCA3298B2B7B5ED6006AA611 /* SOLO_TestingUITests.swift */ = {isa = PBXFileReference; lastKnownFileType = sourcecode.swift; path = SOLO_TestingUITests.swift; sourceTree = "<group>"; };
		DCA3298D2B7B5ED6006AA611 /* SOLO_TestingUITestsLaunchTests.swift */ = {isa = PBXFileReference; lastKnownFileType = sourcecode.swift; path = SOLO_TestingUITestsLaunchTests.swift; sourceTree = "<group>"; };
		DCA3299A2B7B70DB006AA611 /* LogInView.swift */ = {isa = PBXFileReference; lastKnownFileType = sourcecode.swift; path = LogInView.swift; sourceTree = "<group>"; };
		DCA3299C2B7B70FC006AA611 /* SignUpView.swift */ = {isa = PBXFileReference; lastKnownFileType = sourcecode.swift; path = SignUpView.swift; sourceTree = "<group>"; };
		DCA3299E2B7B7846006AA611 /* TabBarView.swift */ = {isa = PBXFileReference; lastKnownFileType = sourcecode.swift; path = TabBarView.swift; sourceTree = "<group>"; };
		DCA329A02B7B78B5006AA611 /* HomeView.swift */ = {isa = PBXFileReference; lastKnownFileType = sourcecode.swift; path = HomeView.swift; sourceTree = "<group>"; };
		DCA329A22B7B7917006AA611 /* ProfileView.swift */ = {isa = PBXFileReference; lastKnownFileType = sourcecode.swift; path = ProfileView.swift; sourceTree = "<group>"; };
		DCAA487D2B95B682002DE8AE /* AddAthleteView.swift */ = {isa = PBXFileReference; lastKnownFileType = sourcecode.swift; path = AddAthleteView.swift; sourceTree = "<group>"; };
		DCD2524A2B7D7FB70045D5E2 /* Poppins-ExtraLightItalic.ttf */ = {isa = PBXFileReference; lastKnownFileType = file; path = "Poppins-ExtraLightItalic.ttf"; sourceTree = "<group>"; };
		DCD2524B2B7D7FB70045D5E2 /* Poppins-SemiBoldItalic.ttf */ = {isa = PBXFileReference; lastKnownFileType = file; path = "Poppins-SemiBoldItalic.ttf"; sourceTree = "<group>"; };
		DCD2524C2B7D7FB70045D5E2 /* Poppins-ExtraBoldItalic.ttf */ = {isa = PBXFileReference; lastKnownFileType = file; path = "Poppins-ExtraBoldItalic.ttf"; sourceTree = "<group>"; };
		DCD2524D2B7D7FB70045D5E2 /* Poppins-BlackItalic.ttf */ = {isa = PBXFileReference; lastKnownFileType = file; path = "Poppins-BlackItalic.ttf"; sourceTree = "<group>"; };
		DCD2524E2B7D7FB70045D5E2 /* Poppins-BoldItalic.ttf */ = {isa = PBXFileReference; lastKnownFileType = file; path = "Poppins-BoldItalic.ttf"; sourceTree = "<group>"; };
		DCD2524F2B7D7FB70045D5E2 /* Poppins-LightItalic.ttf */ = {isa = PBXFileReference; lastKnownFileType = file; path = "Poppins-LightItalic.ttf"; sourceTree = "<group>"; };
		DCD252502B7D7FB80045D5E2 /* Poppins-ThinItalic.ttf */ = {isa = PBXFileReference; lastKnownFileType = file; path = "Poppins-ThinItalic.ttf"; sourceTree = "<group>"; };
		DCD252512B7D7FB80045D5E2 /* Poppins-Medium.ttf */ = {isa = PBXFileReference; lastKnownFileType = file; path = "Poppins-Medium.ttf"; sourceTree = "<group>"; };
		DCD252522B7D7FB80045D5E2 /* Poppins-ExtraBold.ttf */ = {isa = PBXFileReference; lastKnownFileType = file; path = "Poppins-ExtraBold.ttf"; sourceTree = "<group>"; };
		DCD252532B7D7FB80045D5E2 /* Poppins-Regular.ttf */ = {isa = PBXFileReference; lastKnownFileType = file; path = "Poppins-Regular.ttf"; sourceTree = "<group>"; };
		DCD252542B7D7FB80045D5E2 /* Poppins-ExtraLight.ttf */ = {isa = PBXFileReference; lastKnownFileType = file; path = "Poppins-ExtraLight.ttf"; sourceTree = "<group>"; };
		DCD252552B7D7FB80045D5E2 /* Poppins-MediumItalic.ttf */ = {isa = PBXFileReference; lastKnownFileType = file; path = "Poppins-MediumItalic.ttf"; sourceTree = "<group>"; };
		DCD252562B7D7FB80045D5E2 /* Poppins-SemiBold.ttf */ = {isa = PBXFileReference; lastKnownFileType = file; path = "Poppins-SemiBold.ttf"; sourceTree = "<group>"; };
		DCD252572B7D7FB80045D5E2 /* Poppins-Italic.ttf */ = {isa = PBXFileReference; lastKnownFileType = file; path = "Poppins-Italic.ttf"; sourceTree = "<group>"; };
		DCD252582B7D7FB80045D5E2 /* Poppins-Light.ttf */ = {isa = PBXFileReference; lastKnownFileType = file; path = "Poppins-Light.ttf"; sourceTree = "<group>"; };
		DCD252592B7D7FB80045D5E2 /* Poppins-Black.ttf */ = {isa = PBXFileReference; lastKnownFileType = file; path = "Poppins-Black.ttf"; sourceTree = "<group>"; };
		DCD2525A2B7D7FB80045D5E2 /* Poppins-Bold.ttf */ = {isa = PBXFileReference; lastKnownFileType = file; path = "Poppins-Bold.ttf"; sourceTree = "<group>"; };
		DCD2525B2B7D7FB80045D5E2 /* Poppins-Thin.ttf */ = {isa = PBXFileReference; lastKnownFileType = file; path = "Poppins-Thin.ttf"; sourceTree = "<group>"; };
		DCD2526E2B7D82000045D5E2 /* Info.plist */ = {isa = PBXFileReference; lastKnownFileType = text.plist; path = Info.plist; sourceTree = "<group>"; };
		DCD252702B7D9C6C0045D5E2 /* SignUpCompletionView.swift */ = {isa = PBXFileReference; lastKnownFileType = sourcecode.swift; path = SignUpCompletionView.swift; sourceTree = "<group>"; };
/* End PBXFileReference section */

/* Begin PBXFrameworksBuildPhase section */
		DCA3296A2B7B5ED1006AA611 /* Frameworks */ = {
			isa = PBXFrameworksBuildPhase;
			buildActionMask = 2147483647;
			files = (
			);
			runOnlyForDeploymentPostprocessing = 0;
		};
		DCA3297A2B7B5ED5006AA611 /* Frameworks */ = {
			isa = PBXFrameworksBuildPhase;
			buildActionMask = 2147483647;
			files = (
			);
			runOnlyForDeploymentPostprocessing = 0;
		};
		DCA329842B7B5ED6006AA611 /* Frameworks */ = {
			isa = PBXFrameworksBuildPhase;
			buildActionMask = 2147483647;
			files = (
			);
			runOnlyForDeploymentPostprocessing = 0;
		};
/* End PBXFrameworksBuildPhase section */

/* Begin PBXGroup section */
		DCA329642B7B5ED1006AA611 = {
			isa = PBXGroup;
			children = (
				DCA3296F2B7B5ED1006AA611 /* SOLO-Testing */,
				DCA329802B7B5ED6006AA611 /* SOLO-TestingTests */,
				DCA3298A2B7B5ED6006AA611 /* SOLO-TestingUITests */,
				DCA3296E2B7B5ED1006AA611 /* Products */,
			);
			sourceTree = "<group>";
		};
		DCA3296E2B7B5ED1006AA611 /* Products */ = {
			isa = PBXGroup;
			children = (
				DCA3296D2B7B5ED1006AA611 /* SOLO-Testing.app */,
				DCA3297D2B7B5ED5006AA611 /* SOLO-TestingTests.xctest */,
				DCA329872B7B5ED6006AA611 /* SOLO-TestingUITests.xctest */,
			);
			name = Products;
			sourceTree = "<group>";
		};
		DCA3296F2B7B5ED1006AA611 /* SOLO-Testing */ = {
			isa = PBXGroup;
			children = (
				DCD2526E2B7D82000045D5E2 /* Info.plist */,
				DCA329702B7B5ED1006AA611 /* SOLO_TestingApp.swift */,
				DCA329722B7B5ED1006AA611 /* ContentView.swift */,
				DCD252702B7D9C6C0045D5E2 /* SignUpCompletionView.swift */,
				DCD252482B7D7F140045D5E2 /* Fonts */,
				DCA3299A2B7B70DB006AA611 /* LogInView.swift */,
				DCA3299E2B7B7846006AA611 /* TabBarView.swift */,
				DCA329A22B7B7917006AA611 /* ProfileView.swift */,
				DCA329A02B7B78B5006AA611 /* HomeView.swift */,
				DCAA487D2B95B682002DE8AE /* AddAthleteView.swift */,
				DCA3299C2B7B70FC006AA611 /* SignUpView.swift */,
				DCA329742B7B5ED5006AA611 /* Assets.xcassets */,
				DCA329762B7B5ED5006AA611 /* Preview Content */,
			);
			path = "SOLO-Testing";
			sourceTree = "<group>";
		};
		DCA329762B7B5ED5006AA611 /* Preview Content */ = {
			isa = PBXGroup;
			children = (
				DCA329772B7B5ED5006AA611 /* Preview Assets.xcassets */,
			);
			path = "Preview Content";
			sourceTree = "<group>";
		};
		DCA329802B7B5ED6006AA611 /* SOLO-TestingTests */ = {
			isa = PBXGroup;
			children = (
				DCA329812B7B5ED6006AA611 /* SOLO_TestingTests.swift */,
			);
			path = "SOLO-TestingTests";
			sourceTree = "<group>";
		};
		DCA3298A2B7B5ED6006AA611 /* SOLO-TestingUITests */ = {
			isa = PBXGroup;
			children = (
				DCA3298B2B7B5ED6006AA611 /* SOLO_TestingUITests.swift */,
				DCA3298D2B7B5ED6006AA611 /* SOLO_TestingUITestsLaunchTests.swift */,
			);
			path = "SOLO-TestingUITests";
			sourceTree = "<group>";
		};
		DCD252482B7D7F140045D5E2 /* Fonts */ = {
			isa = PBXGroup;
			children = (
				DCD252492B7D7F920045D5E2 /* Poppins */,
			);
			path = Fonts;
			sourceTree = "<group>";
		};
		DCD252492B7D7F920045D5E2 /* Poppins */ = {
			isa = PBXGroup;
			children = (
				DCD252592B7D7FB80045D5E2 /* Poppins-Black.ttf */,
				DCD2524D2B7D7FB70045D5E2 /* Poppins-BlackItalic.ttf */,
				DCD2525A2B7D7FB80045D5E2 /* Poppins-Bold.ttf */,
				DCD2524E2B7D7FB70045D5E2 /* Poppins-BoldItalic.ttf */,
				DCD252522B7D7FB80045D5E2 /* Poppins-ExtraBold.ttf */,
				DCD2524C2B7D7FB70045D5E2 /* Poppins-ExtraBoldItalic.ttf */,
				DCD252542B7D7FB80045D5E2 /* Poppins-ExtraLight.ttf */,
				DCD2524A2B7D7FB70045D5E2 /* Poppins-ExtraLightItalic.ttf */,
				DCD252572B7D7FB80045D5E2 /* Poppins-Italic.ttf */,
				DCD252582B7D7FB80045D5E2 /* Poppins-Light.ttf */,
				DCD2524F2B7D7FB70045D5E2 /* Poppins-LightItalic.ttf */,
				DCD252512B7D7FB80045D5E2 /* Poppins-Medium.ttf */,
				DCD252552B7D7FB80045D5E2 /* Poppins-MediumItalic.ttf */,
				DCD252532B7D7FB80045D5E2 /* Poppins-Regular.ttf */,
				DCD252562B7D7FB80045D5E2 /* Poppins-SemiBold.ttf */,
				DCD2524B2B7D7FB70045D5E2 /* Poppins-SemiBoldItalic.ttf */,
				DCD2525B2B7D7FB80045D5E2 /* Poppins-Thin.ttf */,
				DCD252502B7D7FB80045D5E2 /* Poppins-ThinItalic.ttf */,
			);
			path = Poppins;
			sourceTree = "<group>";
		};
/* End PBXGroup section */

/* Begin PBXNativeTarget section */
		DCA3296C2B7B5ED1006AA611 /* SOLO-Testing */ = {
			isa = PBXNativeTarget;
			buildConfigurationList = DCA329912B7B5ED6006AA611 /* Build configuration list for PBXNativeTarget "SOLO-Testing" */;
			buildPhases = (
				DCA329692B7B5ED1006AA611 /* Sources */,
				DCA3296A2B7B5ED1006AA611 /* Frameworks */,
				DCA3296B2B7B5ED1006AA611 /* Resources */,
			);
			buildRules = (
			);
			dependencies = (
			);
			name = "SOLO-Testing";
			productName = "SOLO-Testing";
			productReference = DCA3296D2B7B5ED1006AA611 /* SOLO-Testing.app */;
			productType = "com.apple.product-type.application";
		};
		DCA3297C2B7B5ED5006AA611 /* SOLO-TestingTests */ = {
			isa = PBXNativeTarget;
			buildConfigurationList = DCA329942B7B5ED6006AA611 /* Build configuration list for PBXNativeTarget "SOLO-TestingTests" */;
			buildPhases = (
				DCA329792B7B5ED5006AA611 /* Sources */,
				DCA3297A2B7B5ED5006AA611 /* Frameworks */,
				DCA3297B2B7B5ED5006AA611 /* Resources */,
			);
			buildRules = (
			);
			dependencies = (
				DCA3297F2B7B5ED6006AA611 /* PBXTargetDependency */,
			);
			name = "SOLO-TestingTests";
			productName = "SOLO-TestingTests";
			productReference = DCA3297D2B7B5ED5006AA611 /* SOLO-TestingTests.xctest */;
			productType = "com.apple.product-type.bundle.unit-test";
		};
		DCA329862B7B5ED6006AA611 /* SOLO-TestingUITests */ = {
			isa = PBXNativeTarget;
			buildConfigurationList = DCA329972B7B5ED6006AA611 /* Build configuration list for PBXNativeTarget "SOLO-TestingUITests" */;
			buildPhases = (
				DCA329832B7B5ED6006AA611 /* Sources */,
				DCA329842B7B5ED6006AA611 /* Frameworks */,
				DCA329852B7B5ED6006AA611 /* Resources */,
			);
			buildRules = (
			);
			dependencies = (
				DCA329892B7B5ED6006AA611 /* PBXTargetDependency */,
			);
			name = "SOLO-TestingUITests";
			productName = "SOLO-TestingUITests";
			productReference = DCA329872B7B5ED6006AA611 /* SOLO-TestingUITests.xctest */;
			productType = "com.apple.product-type.bundle.ui-testing";
		};
/* End PBXNativeTarget section */

/* Begin PBXProject section */
		DCA329652B7B5ED1006AA611 /* Project object */ = {
			isa = PBXProject;
			attributes = {
				BuildIndependentTargetsInParallel = 1;
				LastSwiftUpdateCheck = 1520;
				LastUpgradeCheck = 1520;
				TargetAttributes = {
					DCA3296C2B7B5ED1006AA611 = {
						CreatedOnToolsVersion = 15.2;
					};
					DCA3297C2B7B5ED5006AA611 = {
						CreatedOnToolsVersion = 15.2;
						TestTargetID = DCA3296C2B7B5ED1006AA611;
					};
					DCA329862B7B5ED6006AA611 = {
						CreatedOnToolsVersion = 15.2;
						TestTargetID = DCA3296C2B7B5ED1006AA611;
					};
				};
			};
			buildConfigurationList = DCA329682B7B5ED1006AA611 /* Build configuration list for PBXProject "SOLO-Testing" */;
			compatibilityVersion = "Xcode 14.0";
			developmentRegion = en;
			hasScannedForEncodings = 0;
			knownRegions = (
				en,
				Base,
			);
			mainGroup = DCA329642B7B5ED1006AA611;
			productRefGroup = DCA3296E2B7B5ED1006AA611 /* Products */;
			projectDirPath = "";
			projectRoot = "";
			targets = (
				DCA3296C2B7B5ED1006AA611 /* SOLO-Testing */,
				DCA3297C2B7B5ED5006AA611 /* SOLO-TestingTests */,
				DCA329862B7B5ED6006AA611 /* SOLO-TestingUITests */,
			);
		};
/* End PBXProject section */

/* Begin PBXResourcesBuildPhase section */
		DCA3296B2B7B5ED1006AA611 /* Resources */ = {
			isa = PBXResourcesBuildPhase;
			buildActionMask = 2147483647;
			files = (
				DCD252682B7D7FB80045D5E2 /* Poppins-SemiBold.ttf in Resources */,
				DCD2526A2B7D7FB80045D5E2 /* Poppins-Light.ttf in Resources */,
				DCD2525C2B7D7FB80045D5E2 /* Poppins-ExtraLightItalic.ttf in Resources */,
				DCD2525D2B7D7FB80045D5E2 /* Poppins-SemiBoldItalic.ttf in Resources */,
				DCD252602B7D7FB80045D5E2 /* Poppins-BoldItalic.ttf in Resources */,
				DCD252652B7D7FB80045D5E2 /* Poppins-Regular.ttf in Resources */,
				DCD2526C2B7D7FB80045D5E2 /* Poppins-Bold.ttf in Resources */,
				DCD2526B2B7D7FB80045D5E2 /* Poppins-Black.ttf in Resources */,
				DCA329782B7B5ED5006AA611 /* Preview Assets.xcassets in Resources */,
				DCD2526D2B7D7FB80045D5E2 /* Poppins-Thin.ttf in Resources */,
				DCD252672B7D7FB80045D5E2 /* Poppins-MediumItalic.ttf in Resources */,
				DCA329752B7B5ED5006AA611 /* Assets.xcassets in Resources */,
				DCD2525F2B7D7FB80045D5E2 /* Poppins-BlackItalic.ttf in Resources */,
				DCD252622B7D7FB80045D5E2 /* Poppins-ThinItalic.ttf in Resources */,
				DCD252692B7D7FB80045D5E2 /* Poppins-Italic.ttf in Resources */,
				DCD252642B7D7FB80045D5E2 /* Poppins-ExtraBold.ttf in Resources */,
				DCD2525E2B7D7FB80045D5E2 /* Poppins-ExtraBoldItalic.ttf in Resources */,
				DCD252612B7D7FB80045D5E2 /* Poppins-LightItalic.ttf in Resources */,
				DCD252632B7D7FB80045D5E2 /* Poppins-Medium.ttf in Resources */,
				DCD252662B7D7FB80045D5E2 /* Poppins-ExtraLight.ttf in Resources */,
			);
			runOnlyForDeploymentPostprocessing = 0;
		};
		DCA3297B2B7B5ED5006AA611 /* Resources */ = {
			isa = PBXResourcesBuildPhase;
			buildActionMask = 2147483647;
			files = (
			);
			runOnlyForDeploymentPostprocessing = 0;
		};
		DCA329852B7B5ED6006AA611 /* Resources */ = {
			isa = PBXResourcesBuildPhase;
			buildActionMask = 2147483647;
			files = (
			);
			runOnlyForDeploymentPostprocessing = 0;
		};
/* End PBXResourcesBuildPhase section */

/* Begin PBXSourcesBuildPhase section */
		DCA329692B7B5ED1006AA611 /* Sources */ = {
			isa = PBXSourcesBuildPhase;
			buildActionMask = 2147483647;
			files = (
				DCD252712B7D9C6C0045D5E2 /* SignUpCompletionView.swift in Sources */,
				DCAA487E2B95B682002DE8AE /* AddAthleteView.swift in Sources */,
				DCA3299D2B7B70FC006AA611 /* SignUpView.swift in Sources */,
				DCA3299B2B7B70DB006AA611 /* LogInView.swift in Sources */,
				DCA329732B7B5ED1006AA611 /* ContentView.swift in Sources */,
				DCA329A12B7B78B5006AA611 /* HomeView.swift in Sources */,
				DCA3299F2B7B7846006AA611 /* TabBarView.swift in Sources */,
				DCA329A32B7B7917006AA611 /* ProfileView.swift in Sources */,
				DCA329712B7B5ED1006AA611 /* SOLO_TestingApp.swift in Sources */,
			);
			runOnlyForDeploymentPostprocessing = 0;
		};
		DCA329792B7B5ED5006AA611 /* Sources */ = {
			isa = PBXSourcesBuildPhase;
			buildActionMask = 2147483647;
			files = (
				DCA329822B7B5ED6006AA611 /* SOLO_TestingTests.swift in Sources */,
			);
			runOnlyForDeploymentPostprocessing = 0;
		};
		DCA329832B7B5ED6006AA611 /* Sources */ = {
			isa = PBXSourcesBuildPhase;
			buildActionMask = 2147483647;
			files = (
				DCA3298E2B7B5ED6006AA611 /* SOLO_TestingUITestsLaunchTests.swift in Sources */,
				DCA3298C2B7B5ED6006AA611 /* SOLO_TestingUITests.swift in Sources */,
			);
			runOnlyForDeploymentPostprocessing = 0;
		};
/* End PBXSourcesBuildPhase section */

/* Begin PBXTargetDependency section */
		DCA3297F2B7B5ED6006AA611 /* PBXTargetDependency */ = {
			isa = PBXTargetDependency;
			target = DCA3296C2B7B5ED1006AA611 /* SOLO-Testing */;
			targetProxy = DCA3297E2B7B5ED6006AA611 /* PBXContainerItemProxy */;
		};
		DCA329892B7B5ED6006AA611 /* PBXTargetDependency */ = {
			isa = PBXTargetDependency;
			target = DCA3296C2B7B5ED1006AA611 /* SOLO-Testing */;
			targetProxy = DCA329882B7B5ED6006AA611 /* PBXContainerItemProxy */;
		};
/* End PBXTargetDependency section */

/* Begin XCBuildConfiguration section */
		DCA3298F2B7B5ED6006AA611 /* Debug */ = {
			isa = XCBuildConfiguration;
			buildSettings = {
				ALWAYS_SEARCH_USER_PATHS = NO;
				ASSETCATALOG_COMPILER_GENERATE_SWIFT_ASSET_SYMBOL_EXTENSIONS = YES;
				CLANG_ANALYZER_NONNULL = YES;
				CLANG_ANALYZER_NUMBER_OBJECT_CONVERSION = YES_AGGRESSIVE;
				CLANG_CXX_LANGUAGE_STANDARD = "gnu++20";
				CLANG_ENABLE_MODULES = YES;
				CLANG_ENABLE_OBJC_ARC = YES;
				CLANG_ENABLE_OBJC_WEAK = YES;
				CLANG_WARN_BLOCK_CAPTURE_AUTORELEASING = YES;
				CLANG_WARN_BOOL_CONVERSION = YES;
				CLANG_WARN_COMMA = YES;
				CLANG_WARN_CONSTANT_CONVERSION = YES;
				CLANG_WARN_DEPRECATED_OBJC_IMPLEMENTATIONS = YES;
				CLANG_WARN_DIRECT_OBJC_ISA_USAGE = YES_ERROR;
				CLANG_WARN_DOCUMENTATION_COMMENTS = YES;
				CLANG_WARN_EMPTY_BODY = YES;
				CLANG_WARN_ENUM_CONVERSION = YES;
				CLANG_WARN_INFINITE_RECURSION = YES;
				CLANG_WARN_INT_CONVERSION = YES;
				CLANG_WARN_NON_LITERAL_NULL_CONVERSION = YES;
				CLANG_WARN_OBJC_IMPLICIT_RETAIN_SELF = YES;
				CLANG_WARN_OBJC_LITERAL_CONVERSION = YES;
				CLANG_WARN_OBJC_ROOT_CLASS = YES_ERROR;
				CLANG_WARN_QUOTED_INCLUDE_IN_FRAMEWORK_HEADER = YES;
				CLANG_WARN_RANGE_LOOP_ANALYSIS = YES;
				CLANG_WARN_STRICT_PROTOTYPES = YES;
				CLANG_WARN_SUSPICIOUS_MOVE = YES;
				CLANG_WARN_UNGUARDED_AVAILABILITY = YES_AGGRESSIVE;
				CLANG_WARN_UNREACHABLE_CODE = YES;
				CLANG_WARN__DUPLICATE_METHOD_MATCH = YES;
				COPY_PHASE_STRIP = NO;
				DEBUG_INFORMATION_FORMAT = dwarf;
				ENABLE_STRICT_OBJC_MSGSEND = YES;
				ENABLE_TESTABILITY = YES;
				ENABLE_USER_SCRIPT_SANDBOXING = YES;
				GCC_C_LANGUAGE_STANDARD = gnu17;
				GCC_DYNAMIC_NO_PIC = NO;
				GCC_NO_COMMON_BLOCKS = YES;
				GCC_OPTIMIZATION_LEVEL = 0;
				GCC_PREPROCESSOR_DEFINITIONS = (
					"DEBUG=1",
					"$(inherited)",
				);
				GCC_WARN_64_TO_32_BIT_CONVERSION = YES;
				GCC_WARN_ABOUT_RETURN_TYPE = YES_ERROR;
				GCC_WARN_UNDECLARED_SELECTOR = YES;
				GCC_WARN_UNINITIALIZED_AUTOS = YES_AGGRESSIVE;
				GCC_WARN_UNUSED_FUNCTION = YES;
				GCC_WARN_UNUSED_VARIABLE = YES;
				IPHONEOS_DEPLOYMENT_TARGET = 17.2;
				LOCALIZATION_PREFERS_STRING_CATALOGS = YES;
				MTL_ENABLE_DEBUG_INFO = INCLUDE_SOURCE;
				MTL_FAST_MATH = YES;
				ONLY_ACTIVE_ARCH = YES;
				SDKROOT = iphoneos;
				SWIFT_ACTIVE_COMPILATION_CONDITIONS = "DEBUG $(inherited)";
				SWIFT_OPTIMIZATION_LEVEL = "-Onone";
			};
			name = Debug;
		};
		DCA329902B7B5ED6006AA611 /* Release */ = {
			isa = XCBuildConfiguration;
			buildSettings = {
				ALWAYS_SEARCH_USER_PATHS = NO;
				ASSETCATALOG_COMPILER_GENERATE_SWIFT_ASSET_SYMBOL_EXTENSIONS = YES;
				CLANG_ANALYZER_NONNULL = YES;
				CLANG_ANALYZER_NUMBER_OBJECT_CONVERSION = YES_AGGRESSIVE;
				CLANG_CXX_LANGUAGE_STANDARD = "gnu++20";
				CLANG_ENABLE_MODULES = YES;
				CLANG_ENABLE_OBJC_ARC = YES;
				CLANG_ENABLE_OBJC_WEAK = YES;
				CLANG_WARN_BLOCK_CAPTURE_AUTORELEASING = YES;
				CLANG_WARN_BOOL_CONVERSION = YES;
				CLANG_WARN_COMMA = YES;
				CLANG_WARN_CONSTANT_CONVERSION = YES;
				CLANG_WARN_DEPRECATED_OBJC_IMPLEMENTATIONS = YES;
				CLANG_WARN_DIRECT_OBJC_ISA_USAGE = YES_ERROR;
				CLANG_WARN_DOCUMENTATION_COMMENTS = YES;
				CLANG_WARN_EMPTY_BODY = YES;
				CLANG_WARN_ENUM_CONVERSION = YES;
				CLANG_WARN_INFINITE_RECURSION = YES;
				CLANG_WARN_INT_CONVERSION = YES;
				CLANG_WARN_NON_LITERAL_NULL_CONVERSION = YES;
				CLANG_WARN_OBJC_IMPLICIT_RETAIN_SELF = YES;
				CLANG_WARN_OBJC_LITERAL_CONVERSION = YES;
				CLANG_WARN_OBJC_ROOT_CLASS = YES_ERROR;
				CLANG_WARN_QUOTED_INCLUDE_IN_FRAMEWORK_HEADER = YES;
				CLANG_WARN_RANGE_LOOP_ANALYSIS = YES;
				CLANG_WARN_STRICT_PROTOTYPES = YES;
				CLANG_WARN_SUSPICIOUS_MOVE = YES;
				CLANG_WARN_UNGUARDED_AVAILABILITY = YES_AGGRESSIVE;
				CLANG_WARN_UNREACHABLE_CODE = YES;
				CLANG_WARN__DUPLICATE_METHOD_MATCH = YES;
				COPY_PHASE_STRIP = NO;
				DEBUG_INFORMATION_FORMAT = "dwarf-with-dsym";
				ENABLE_NS_ASSERTIONS = NO;
				ENABLE_STRICT_OBJC_MSGSEND = YES;
				ENABLE_USER_SCRIPT_SANDBOXING = YES;
				GCC_C_LANGUAGE_STANDARD = gnu17;
				GCC_NO_COMMON_BLOCKS = YES;
				GCC_WARN_64_TO_32_BIT_CONVERSION = YES;
				GCC_WARN_ABOUT_RETURN_TYPE = YES_ERROR;
				GCC_WARN_UNDECLARED_SELECTOR = YES;
				GCC_WARN_UNINITIALIZED_AUTOS = YES_AGGRESSIVE;
				GCC_WARN_UNUSED_FUNCTION = YES;
				GCC_WARN_UNUSED_VARIABLE = YES;
				IPHONEOS_DEPLOYMENT_TARGET = 17.2;
				LOCALIZATION_PREFERS_STRING_CATALOGS = YES;
				MTL_ENABLE_DEBUG_INFO = NO;
				MTL_FAST_MATH = YES;
				SDKROOT = iphoneos;
				SWIFT_COMPILATION_MODE = wholemodule;
				VALIDATE_PRODUCT = YES;
			};
			name = Release;
		};
		DCA329922B7B5ED6006AA611 /* Debug */ = {
			isa = XCBuildConfiguration;
			buildSettings = {
				ASSETCATALOG_COMPILER_APPICON_NAME = AppIcon;
				ASSETCATALOG_COMPILER_GLOBAL_ACCENT_COLOR_NAME = AccentColor;
				CODE_SIGN_STYLE = Automatic;
				CURRENT_PROJECT_VERSION = 1;
				DEVELOPMENT_ASSET_PATHS = "\"SOLO-Testing/Preview Content\"";
				ENABLE_PREVIEWS = YES;
				GENERATE_INFOPLIST_FILE = YES;
				INFOPLIST_FILE = "SOLO-Testing/Info.plist";
				INFOPLIST_KEY_UIApplicationSceneManifest_Generation = YES;
				INFOPLIST_KEY_UIApplicationSupportsIndirectInputEvents = YES;
				INFOPLIST_KEY_UILaunchScreen_Generation = YES;
				INFOPLIST_KEY_UISupportedInterfaceOrientations_iPad = "UIInterfaceOrientationPortrait UIInterfaceOrientationPortraitUpsideDown UIInterfaceOrientationLandscapeLeft UIInterfaceOrientationLandscapeRight";
				INFOPLIST_KEY_UISupportedInterfaceOrientations_iPhone = "UIInterfaceOrientationPortrait UIInterfaceOrientationLandscapeLeft UIInterfaceOrientationLandscapeRight";
				LD_RUNPATH_SEARCH_PATHS = (
					"$(inherited)",
					"@executable_path/Frameworks",
				);
				MARKETING_VERSION = 1.0;
				PRODUCT_BUNDLE_IDENTIFIER = "SOLO.SOLO-Testing";
				PRODUCT_NAME = "$(TARGET_NAME)";
				SWIFT_EMIT_LOC_STRINGS = YES;
				SWIFT_VERSION = 5.0;
				TARGETED_DEVICE_FAMILY = "1,2";
			};
			name = Debug;
		};
		DCA329932B7B5ED6006AA611 /* Release */ = {
			isa = XCBuildConfiguration;
			buildSettings = {
				ASSETCATALOG_COMPILER_APPICON_NAME = AppIcon;
				ASSETCATALOG_COMPILER_GLOBAL_ACCENT_COLOR_NAME = AccentColor;
				CODE_SIGN_STYLE = Automatic;
				CURRENT_PROJECT_VERSION = 1;
				DEVELOPMENT_ASSET_PATHS = "\"SOLO-Testing/Preview Content\"";
				ENABLE_PREVIEWS = YES;
				GENERATE_INFOPLIST_FILE = YES;
				INFOPLIST_FILE = "SOLO-Testing/Info.plist";
				INFOPLIST_KEY_UIApplicationSceneManifest_Generation = YES;
				INFOPLIST_KEY_UIApplicationSupportsIndirectInputEvents = YES;
				INFOPLIST_KEY_UILaunchScreen_Generation = YES;
				INFOPLIST_KEY_UISupportedInterfaceOrientations_iPad = "UIInterfaceOrientationPortrait UIInterfaceOrientationPortraitUpsideDown UIInterfaceOrientationLandscapeLeft UIInterfaceOrientationLandscapeRight";
				INFOPLIST_KEY_UISupportedInterfaceOrientations_iPhone = "UIInterfaceOrientationPortrait UIInterfaceOrientationLandscapeLeft UIInterfaceOrientationLandscapeRight";
				LD_RUNPATH_SEARCH_PATHS = (
					"$(inherited)",
					"@executable_path/Frameworks",
				);
				MARKETING_VERSION = 1.0;
				PRODUCT_BUNDLE_IDENTIFIER = "SOLO.SOLO-Testing";
				PRODUCT_NAME = "$(TARGET_NAME)";
				SWIFT_EMIT_LOC_STRINGS = YES;
				SWIFT_VERSION = 5.0;
				TARGETED_DEVICE_FAMILY = "1,2";
			};
			name = Release;
		};
		DCA329952B7B5ED6006AA611 /* Debug */ = {
			isa = XCBuildConfiguration;
			buildSettings = {
				ALWAYS_EMBED_SWIFT_STANDARD_LIBRARIES = YES;
				BUNDLE_LOADER = "$(TEST_HOST)";
				CODE_SIGN_STYLE = Automatic;
				CURRENT_PROJECT_VERSION = 1;
				GENERATE_INFOPLIST_FILE = YES;
				IPHONEOS_DEPLOYMENT_TARGET = 17.2;
				MARKETING_VERSION = 1.0;
				PRODUCT_BUNDLE_IDENTIFIER = "SOLO.SOLO-TestingTests";
				PRODUCT_NAME = "$(TARGET_NAME)";
				SWIFT_EMIT_LOC_STRINGS = NO;
				SWIFT_VERSION = 5.0;
				TARGETED_DEVICE_FAMILY = "1,2";
				TEST_HOST = "$(BUILT_PRODUCTS_DIR)/SOLO-Testing.app/$(BUNDLE_EXECUTABLE_FOLDER_PATH)/SOLO-Testing";
			};
			name = Debug;
		};
		DCA329962B7B5ED6006AA611 /* Release */ = {
			isa = XCBuildConfiguration;
			buildSettings = {
				ALWAYS_EMBED_SWIFT_STANDARD_LIBRARIES = YES;
				BUNDLE_LOADER = "$(TEST_HOST)";
				CODE_SIGN_STYLE = Automatic;
				CURRENT_PROJECT_VERSION = 1;
				GENERATE_INFOPLIST_FILE = YES;
				IPHONEOS_DEPLOYMENT_TARGET = 17.2;
				MARKETING_VERSION = 1.0;
				PRODUCT_BUNDLE_IDENTIFIER = "SOLO.SOLO-TestingTests";
				PRODUCT_NAME = "$(TARGET_NAME)";
				SWIFT_EMIT_LOC_STRINGS = NO;
				SWIFT_VERSION = 5.0;
				TARGETED_DEVICE_FAMILY = "1,2";
				TEST_HOST = "$(BUILT_PRODUCTS_DIR)/SOLO-Testing.app/$(BUNDLE_EXECUTABLE_FOLDER_PATH)/SOLO-Testing";
			};
			name = Release;
		};
		DCA329982B7B5ED6006AA611 /* Debug */ = {
			isa = XCBuildConfiguration;
			buildSettings = {
				ALWAYS_EMBED_SWIFT_STANDARD_LIBRARIES = YES;
				CODE_SIGN_STYLE = Automatic;
				CURRENT_PROJECT_VERSION = 1;
				GENERATE_INFOPLIST_FILE = YES;
				MARKETING_VERSION = 1.0;
				PRODUCT_BUNDLE_IDENTIFIER = "SOLO.SOLO-TestingUITests";
				PRODUCT_NAME = "$(TARGET_NAME)";
				SWIFT_EMIT_LOC_STRINGS = NO;
				SWIFT_VERSION = 5.0;
				TARGETED_DEVICE_FAMILY = "1,2";
				TEST_TARGET_NAME = "SOLO-Testing";
			};
			name = Debug;
		};
		DCA329992B7B5ED6006AA611 /* Release */ = {
			isa = XCBuildConfiguration;
			buildSettings = {
				ALWAYS_EMBED_SWIFT_STANDARD_LIBRARIES = YES;
				CODE_SIGN_STYLE = Automatic;
				CURRENT_PROJECT_VERSION = 1;
				GENERATE_INFOPLIST_FILE = YES;
				MARKETING_VERSION = 1.0;
				PRODUCT_BUNDLE_IDENTIFIER = "SOLO.SOLO-TestingUITests";
				PRODUCT_NAME = "$(TARGET_NAME)";
				SWIFT_EMIT_LOC_STRINGS = NO;
				SWIFT_VERSION = 5.0;
				TARGETED_DEVICE_FAMILY = "1,2";
				TEST_TARGET_NAME = "SOLO-Testing";
			};
			name = Release;
		};
/* End XCBuildConfiguration section */

/* Begin XCConfigurationList section */
		DCA329682B7B5ED1006AA611 /* Build configuration list for PBXProject "SOLO-Testing" */ = {
			isa = XCConfigurationList;
			buildConfigurations = (
				DCA3298F2B7B5ED6006AA611 /* Debug */,
				DCA329902B7B5ED6006AA611 /* Release */,
			);
			defaultConfigurationIsVisible = 0;
			defaultConfigurationName = Release;
		};
		DCA329912B7B5ED6006AA611 /* Build configuration list for PBXNativeTarget "SOLO-Testing" */ = {
			isa = XCConfigurationList;
			buildConfigurations = (
				DCA329922B7B5ED6006AA611 /* Debug */,
				DCA329932B7B5ED6006AA611 /* Release */,
			);
			defaultConfigurationIsVisible = 0;
			defaultConfigurationName = Release;
		};
		DCA329942B7B5ED6006AA611 /* Build configuration list for PBXNativeTarget "SOLO-TestingTests" */ = {
			isa = XCConfigurationList;
			buildConfigurations = (
				DCA329952B7B5ED6006AA611 /* Debug */,
				DCA329962B7B5ED6006AA611 /* Release */,
			);
			defaultConfigurationIsVisible = 0;
			defaultConfigurationName = Release;
		};
		DCA329972B7B5ED6006AA611 /* Build configuration list for PBXNativeTarget "SOLO-TestingUITests" */ = {
			isa = XCConfigurationList;
			buildConfigurations = (
				DCA329982B7B5ED6006AA611 /* Debug */,
				DCA329992B7B5ED6006AA611 /* Release */,
			);
			defaultConfigurationIsVisible = 0;
			defaultConfigurationName = Release;
		};
/* End XCConfigurationList section */
	};
	rootObject = DCA329652B7B5ED1006AA611 /* Project object */;
}
